{
  "name": "node-red-contrib-pkcs7",
  "version": "1.0.0",
  "lockfileVersion": 2,
  "requires": true,
  "packages": {
    "": {
      "version": "1.0.0",
      "license": "MIT",
      "dependencies": {
        "@lapo/extractcms": "^1.0.4"
      }
    },
    "node_modules/@lapo/asn1js": {
      "version": "1.2.3",
      "resolved": "https://registry.npmjs.org/@lapo/asn1js/-/asn1js-1.2.3.tgz",
      "integrity": "sha512-6dWV0syRWrnZAcbygq/LRd9alZ5NIJVFTU4nmlbwJSigGh2O49nFFURcDP1KeKoxsXmxGfAPGj4soX1mrV2uAQ=="
    },
    "node_modules/@lapo/extractcms": {
      "version": "1.0.4",
      "resolved": "https://registry.npmjs.org/@lapo/extractcms/-/extractcms-1.0.4.tgz",
      "integrity": "sha512-UJpyCWCAjhB3RMBzaJh7Ckk0+xfxfydQaMUa4weCJyk+JbAvHqAlPDaD/fun4PoCZmXQK/scHuFGwpfMXzhUKw==",
      "dependencies": {
        "@lapo/asn1js": "^1.2.1"
      }
    }
  },
  "dependencies": {
    "@lapo/asn1js": {
      "version": "1.2.3",
      "resolved": "https://registry.npmjs.org/@lapo/asn1js/-/asn1js-1.2.3.tgz",
      "integrity": "sha512-6dWV0syRWrnZAcbygq/LRd9alZ5NIJVFTU4nmlbwJSigGh2O49nFFURcDP1KeKoxsXmxGfAPGj4soX1mrV2uAQ=="
    },
    "@lapo/extractcms": {
      "version": "1.0.4",
      "resolved": "https://registry.npmjs.org/@lapo/extractcms/-/extractcms-1.0.4.tgz",
      "integrity": "sha512-UJpyCWCAjhB3RMBzaJh7Ckk0+xfxfydQaMUa4weCJyk+JbAvHqAlPDaD/fun4PoCZmXQK/scHuFGwpfMXzhUKw==",
      "requires": {
        "@lapo/asn1js": "^1.2.1"
      }
    }
  }
}
